
Microsoft Visual Studio Solution File, Format Version 12.00
# Visual Studio Version 17
VisualStudioVersion = 17.0.31903.59
MinimumVisualStudioVersion = 10.0.40219.1
Project("{2150E333-8FDC-42A3-9474-1A3956D46DE8}") = "src", "src", "{827E0CD3-B72D-47B6-A68D-7590B98EB39B}"
EndProject
Project("{FAE04EC0-301F-11D3-BF4B-00C04F79EFBC}") = "LMLoader.Core", "src\LMLoader.Core\LMLoader.Core.csproj", "{B44A3F42-1415-4EA8-8924-65003EF81AF7}"
EndProject
Project("{2150E333-8FDC-42A3-9474-1A3956D46DE8}") = "tests", "tests", "{0AB3BF05-4346-4AA6-1389-037BE0695223}"
EndProject
Project("{FAE04EC0-301F-11D3-BF4B-00C04F79EFBC}") = "LMLoader.Core.Tests", "tests\LMLoader.Core.Tests\LMLoader.Core.Tests.csproj", "{49F3A754-8076-47D3-9F0A-F99EC78ED5BB}"
EndProject
Project("{FAE04EC0-301F-11D3-BF4B-00C04F79EFBC}") = "LMLoader.Api", "src\LMLoader.Api\LMLoader.Api.csproj", "{D107E735-E2A0-4CAB-80B2-6B14A192B67E}"
EndProject
Project("{FAE04EC0-301F-11D3-BF4B-00C04F79EFBC}") = "LMLoader.GodotBridge", "src\LMLoader.GodotBridge\LMLoader.GodotBridge.csproj", "{FFF6A706-55E0-4879-B314-56C48DD2E228}"
EndProject
Project("{FAE04EC0-301F-11D3-BF4B-00C04F79EFBC}") = "LMLoader.Embedded", "src\LMLoader.Embedded\LMLoader.Embedded.csproj", "{E0729CE8-ECCC-456B-8D51-AC577C55331E}"
EndProject
Project("{2150E333-8FDC-42A3-9474-1A3956D46DE8}") = "samples", "samples", "{5D20AA90-6969-D8BD-9DCD-8634F4692FDA}"
EndProject
Project("{2150E333-8FDC-42A3-9474-1A3956D46DE8}") = "SampleMods", "SampleMods", "{C4EA9FFE-BDC6-55B5-E106-903C8233F006}"
EndProject
Project("{FAE04EC0-301F-11D3-BF4B-00C04F79EFBC}") = "SampleMod", "samples\SampleMods\SampleMod\SampleMod.csproj", "{C7540466-B01E-42F1-B4CC-D1921108D0EC}"
EndProject
Project("{FAE04EC0-301F-11D3-BF4B-00C04F79EFBC}") = "SampleGame.Embedded", "samples\SampleGame.Embedded\SampleGame.Embedded.csproj", "{F0240A7E-8CFE-4225-AC6C-7B5840ACCB40}"
EndProject
Project("{FAE04EC0-301F-11D3-BF4B-00C04F79EFBC}") = "LMLoader.UI", "src\LMLoader.UI\LMLoader.UI.csproj", "{3C84626D-7339-44D9-B5CE-56E404161CA5}"
EndProject
Global
	GlobalSection(SolutionConfigurationPlatforms) = preSolution
		Debug|Any CPU = Debug|Any CPU
		Debug|x64 = Debug|x64
		Debug|x86 = Debug|x86
		Release|Any CPU = Release|Any CPU
		Release|x64 = Release|x64
		Release|x86 = Release|x86
	EndGlobalSection
	GlobalSection(ProjectConfigurationPlatforms) = postSolution
		{B44A3F42-1415-4EA8-8924-65003EF81AF7}.Debug|Any CPU.ActiveCfg = Debug|Any CPU
		{B44A3F42-1415-4EA8-8924-65003EF81AF7}.Debug|Any CPU.Build.0 = Debug|Any CPU
		{B44A3F42-1415-4EA8-8924-65003EF81AF7}.Debug|x64.ActiveCfg = Debug|Any CPU
		{B44A3F42-1415-4EA8-8924-65003EF81AF7}.Debug|x64.Build.0 = Debug|Any CPU
		{B44A3F42-1415-4EA8-8924-65003EF81AF7}.Debug|x86.ActiveCfg = Debug|Any CPU
		{B44A3F42-1415-4EA8-8924-65003EF81AF7}.Debug|x86.Build.0 = Debug|Any CPU
		{B44A3F42-1415-4EA8-8924-65003EF81AF7}.Release|Any CPU.ActiveCfg = Release|Any CPU
		{B44A3F42-1415-4EA8-8924-65003EF81AF7}.Release|Any CPU.Build.0 = Release|Any CPU
		{B44A3F42-1415-4EA8-8924-65003EF81AF7}.Release|x64.ActiveCfg = Release|Any CPU
		{B44A3F42-1415-4EA8-8924-65003EF81AF7}.Release|x64.Build.0 = Release|Any CPU
		{B44A3F42-1415-4EA8-8924-65003EF81AF7}.Release|x86.ActiveCfg = Release|Any CPU
		{B44A3F42-1415-4EA8-8924-65003EF81AF7}.Release|x86.Build.0 = Release|Any CPU
		{49F3A754-8076-47D3-9F0A-F99EC78ED5BB}.Debug|Any CPU.ActiveCfg = Debug|Any CPU
		{49F3A754-8076-47D3-9F0A-F99EC78ED5BB}.Debug|Any CPU.Build.0 = Debug|Any CPU
		{49F3A754-8076-47D3-9F0A-F99EC78ED5BB}.Debug|x64.ActiveCfg = Debug|Any CPU
		{49F3A754-8076-47D3-9F0A-F99EC78ED5BB}.Debug|x64.Build.0 = Debug|Any CPU
		{49F3A754-8076-47D3-9F0A-F99EC78ED5BB}.Debug|x86.ActiveCfg = Debug|Any CPU
		{49F3A754-8076-47D3-9F0A-F99EC78ED5BB}.Debug|x86.Build.0 = Debug|Any CPU
		{49F3A754-8076-47D3-9F0A-F99EC78ED5BB}.Release|Any CPU.ActiveCfg = Release|Any CPU
		{49F3A754-8076-47D3-9F0A-F99EC78ED5BB}.Release|Any CPU.Build.0 = Release|Any CPU
		{49F3A754-8076-47D3-9F0A-F99EC78ED5BB}.Release|x64.ActiveCfg = Release|Any CPU
		{49F3A754-8076-47D3-9F0A-F99EC78ED5BB}.Release|x64.Build.0 = Release|Any CPU
		{49F3A754-8076-47D3-9F0A-F99EC78ED5BB}.Release|x86.ActiveCfg = Release|Any CPU
		{49F3A754-8076-47D3-9F0A-F99EC78ED5BB}.Release|x86.Build.0 = Release|Any CPU
		{D107E735-E2A0-4CAB-80B2-6B14A192B67E}.Debug|Any CPU.ActiveCfg = Debug|Any CPU
		{D107E735-E2A0-4CAB-80B2-6B14A192B67E}.Debug|Any CPU.Build.0 = Debug|Any CPU
		{D107E735-E2A0-4CAB-80B2-6B14A192B67E}.Debug|x64.ActiveCfg = Debug|Any CPU
		{D107E735-E2A0-4CAB-80B2-6B14A192B67E}.Debug|x64.Build.0 = Debug|Any CPU
		{D107E735-E2A0-4CAB-80B2-6B14A192B67E}.Debug|x86.ActiveCfg = Debug|Any CPU
		{D107E735-E2A0-4CAB-80B2-6B14A192B67E}.Debug|x86.Build.0 = Debug|Any CPU
		{D107E735-E2A0-4CAB-80B2-6B14A192B67E}.Release|Any CPU.ActiveCfg = Release|Any CPU
		{D107E735-E2A0-4CAB-80B2-6B14A192B67E}.Release|Any CPU.Build.0 = Release|Any CPU
		{D107E735-E2A0-4CAB-80B2-6B14A192B67E}.Release|x64.ActiveCfg = Release|Any CPU
		{D107E735-E2A0-4CAB-80B2-6B14A192B67E}.Release|x64.Build.0 = Release|Any CPU
		{D107E735-E2A0-4CAB-80B2-6B14A192B67E}.Release|x86.ActiveCfg = Release|Any CPU
		{D107E735-E2A0-4CAB-80B2-6B14A192B67E}.Release|x86.Build.0 = Release|Any CPU
		{FFF6A706-55E0-4879-B314-56C48DD2E228}.Debug|Any CPU.ActiveCfg = Debug|Any CPU
		{FFF6A706-55E0-4879-B314-56C48DD2E228}.Debug|Any CPU.Build.0 = Debug|Any CPU
		{FFF6A706-55E0-4879-B314-56C48DD2E228}.Debug|x64.ActiveCfg = Debug|Any CPU
		{FFF6A706-55E0-4879-B314-56C48DD2E228}.Debug|x64.Build.0 = Debug|Any CPU
		{FFF6A706-55E0-4879-B314-56C48DD2E228}.Debug|x86.ActiveCfg = Debug|Any CPU
		{FFF6A706-55E0-4879-B314-56C48DD2E228}.Debug|x86.Build.0 = Debug|Any CPU
		{FFF6A706-55E0-4879-B314-56C48DD2E228}.Release|Any CPU.ActiveCfg = Release|Any CPU
		{FFF6A706-55E0-4879-B314-56C48DD2E228}.Release|Any CPU.Build.0 = Release|Any CPU
		{FFF6A706-55E0-4879-B314-56C48DD2E228}.Release|x64.ActiveCfg = Release|Any CPU
		{FFF6A706-55E0-4879-B314-56C48DD2E228}.Release|x64.Build.0 = Release|Any CPU
		{FFF6A706-55E0-4879-B314-56C48DD2E228}.Release|x86.ActiveCfg = Release|Any CPU
		{FFF6A706-55E0-4879-B314-56C48DD2E228}.Release|x86.Build.0 = Release|Any CPU
		{E0729CE8-ECCC-456B-8D51-AC577C55331E}.Debug|Any CPU.ActiveCfg = Debug|Any CPU
		{E0729CE8-ECCC-456B-8D51-AC577C55331E}.Debug|Any CPU.Build.0 = Debug|Any CPU
		{E0729CE8-ECCC-456B-8D51-AC577C55331E}.Debug|x64.ActiveCfg = Debug|Any CPU
		{E0729CE8-ECCC-456B-8D51-AC577C55331E}.Debug|x64.Build.0 = Debug|Any CPU
		{E0729CE8-ECCC-456B-8D51-AC577C55331E}.Debug|x86.ActiveCfg = Debug|Any CPU
		{E0729CE8-ECCC-456B-8D51-AC577C55331E}.Debug|x86.Build.0 = Debug|Any CPU
		{E0729CE8-ECCC-456B-8D51-AC577C55331E}.Release|Any CPU.ActiveCfg = Release|Any CPU
		{E0729CE8-ECCC-456B-8D51-AC577C55331E}.Release|Any CPU.Build.0 = Release|Any CPU
		{E0729CE8-ECCC-456B-8D51-AC577C55331E}.Release|x64.ActiveCfg = Release|Any CPU
		{E0729CE8-ECCC-456B-8D51-AC577C55331E}.Release|x64.Build.0 = Release|Any CPU
		{E0729CE8-ECCC-456B-8D51-AC577C55331E}.Release|x86.ActiveCfg = Release|Any CPU
		{E0729CE8-ECCC-456B-8D51-AC577C55331E}.Release|x86.Build.0 = Release|Any CPU
		{C7540466-B01E-42F1-B4CC-D1921108D0EC}.Debug|Any CPU.ActiveCfg = Debug|Any CPU
		{C7540466-B01E-42F1-B4CC-D1921108D0EC}.Debug|Any CPU.Build.0 = Debug|Any CPU
		{C7540466-B01E-42F1-B4CC-D1921108D0EC}.Debug|x64.ActiveCfg = Debug|Any CPU
		{C7540466-B01E-42F1-B4CC-D1921108D0EC}.Debug|x64.Build.0 = Debug|Any CPU
		{C7540466-B01E-42F1-B4CC-D1921108D0EC}.Debug|x86.ActiveCfg = Debug|Any CPU
		{C7540466-B01E-42F1-B4CC-D1921108D0EC}.Debug|x86.Build.0 = Debug|Any CPU
		{C7540466-B01E-42F1-B4CC-D1921108D0EC}.Release|Any CPU.ActiveCfg = Release|Any CPU
		{C7540466-B01E-42F1-B4CC-D1921108D0EC}.Release|Any CPU.Build.0 = Release|Any CPU
		{C7540466-B01E-42F1-B4CC-D1921108D0EC}.Release|x64.ActiveCfg = Release|Any CPU
		{C7540466-B01E-42F1-B4CC-D1921108D0EC}.Release|x64.Build.0 = Release|Any CPU
		{C7540466-B01E-42F1-B4CC-D1921108D0EC}.Release|x86.ActiveCfg = Release|Any CPU
		{C7540466-B01E-42F1-B4CC-D1921108D0EC}.Release|x86.Build.0 = Release|Any CPU
		{F0240A7E-8CFE-4225-AC6C-7B5840ACCB40}.Debug|Any CPU.ActiveCfg = Debug|Any CPU
		{F0240A7E-8CFE-4225-AC6C-7B5840ACCB40}.Debug|Any CPU.Build.0 = Debug|Any CPU
		{F0240A7E-8CFE-4225-AC6C-7B5840ACCB40}.Debug|x64.ActiveCfg = Debug|Any CPU
		{F0240A7E-8CFE-4225-AC6C-7B5840ACCB40}.Debug|x64.Build.0 = Debug|Any CPU
		{F0240A7E-8CFE-4225-AC6C-7B5840ACCB40}.Debug|x86.ActiveCfg = Debug|Any CPU
		{F0240A7E-8CFE-4225-AC6C-7B5840ACCB40}.Debug|x86.Build.0 = Debug|Any CPU
		{F0240A7E-8CFE-4225-AC6C-7B5840ACCB40}.Release|Any CPU.ActiveCfg = Debug|Any CPU
		{F0240A7E-8CFE-4225-AC6C-7B5840ACCB40}.Release|Any CPU.Build.0 = Debug|Any CPU
		{F0240A7E-8CFE-4225-AC6C-7B5840ACCB40}.Release|x64.ActiveCfg = Debug|Any CPU
		{F0240A7E-8CFE-4225-AC6C-7B5840ACCB40}.Release|x64.Build.0 = Debug|Any CPU
		{F0240A7E-8CFE-4225-AC6C-7B5840ACCB40}.Release|x86.ActiveCfg = Debug|Any CPU
		{F0240A7E-8CFE-4225-AC6C-7B5840ACCB40}.Release|x86.Build.0 = Debug|Any CPU
		{3C84626D-7339-44D9-B5CE-56E404161CA5}.Debug|Any CPU.ActiveCfg = Debug|Any CPU
		{3C84626D-7339-44D9-B5CE-56E404161CA5}.Debug|Any CPU.Build.0 = Debug|Any CPU
		{3C84626D-7339-44D9-B5CE-56E404161CA5}.Debug|x64.ActiveCfg = Debug|Any CPU
		{3C84626D-7339-44D9-B5CE-56E404161CA5}.Debug|x64.Build.0 = Debug|Any CPU
		{3C84626D-7339-44D9-B5CE-56E404161CA5}.Debug|x86.ActiveCfg = Debug|Any CPU
		{3C84626D-7339-44D9-B5CE-56E404161CA5}.Debug|x86.Build.0 = Debug|Any CPU
		{3C84626D-7339-44D9-B5CE-56E404161CA5}.Release|Any CPU.ActiveCfg = Release|Any CPU
		{3C84626D-7339-44D9-B5CE-56E404161CA5}.Release|Any CPU.Build.0 = Release|Any CPU
		{3C84626D-7339-44D9-B5CE-56E404161CA5}.Release|x64.ActiveCfg = Release|Any CPU
		{3C84626D-7339-44D9-B5CE-56E404161CA5}.Release|x64.Build.0 = Release|Any CPU
		{3C84626D-7339-44D9-B5CE-56E404161CA5}.Release|x86.ActiveCfg = Release|Any CPU
		{3C84626D-7339-44D9-B5CE-56E404161CA5}.Release|x86.Build.0 = Release|Any CPU
	EndGlobalSection
	GlobalSection(SolutionProperties) = preSolution
		HideSolutionNode = FALSE
	EndGlobalSection
	GlobalSection(NestedProjects) = preSolution
		{B44A3F42-1415-4EA8-8924-65003EF81AF7} = {827E0CD3-B72D-47B6-A68D-7590B98EB39B}
		{49F3A754-8076-47D3-9F0A-F99EC78ED5BB} = {0AB3BF05-4346-4AA6-1389-037BE0695223}
		{D107E735-E2A0-4CAB-80B2-6B14A192B67E} = {827E0CD3-B72D-47B6-A68D-7590B98EB39B}
		{FFF6A706-55E0-4879-B314-56C48DD2E228} = {827E0CD3-B72D-47B6-A68D-7590B98EB39B}
		{E0729CE8-ECCC-456B-8D51-AC577C55331E} = {827E0CD3-B72D-47B6-A68D-7590B98EB39B}
		{C4EA9FFE-BDC6-55B5-E106-903C8233F006} = {5D20AA90-6969-D8BD-9DCD-8634F4692FDA}
		{C7540466-B01E-42F1-B4CC-D1921108D0EC} = {C4EA9FFE-BDC6-55B5-E106-903C8233F006}
		{F0240A7E-8CFE-4225-AC6C-7B5840ACCB40} = {5D20AA90-6969-D8BD-9DCD-8634F4692FDA}
		{3C84626D-7339-44D9-B5CE-56E404161CA5} = {827E0CD3-B72D-47B6-A68D-7590B98EB39B}
	EndGlobalSection
EndGlobal
